
Microsoft Visual Studio Solution File, Format Version 12.00
# Visual Studio Version 17
VisualStudioVersion = 17.6.33815.320
MinimumVisualStudioVersion = 10.0.40219.1
Project("{9A19103F-16F7-4668-BE54-9A1E7A4F7556}") = "playwright.dotnet.framework.CoreLayer", "playwright_dotnet_framework.CoreLayer\playwright.dotnet.framework.CoreLayer.csproj", "{D717EB66-E0ED-4AE9-99C7-3F38A3DDE825}"
EndProject
Project("{9A19103F-16F7-4668-BE54-9A1E7A4F7556}") = "playwright.dotnet.framework.BusinessLayer", "playwright_dotnet_framework.BusinessLayer\playwright.dotnet.framework.BusinessLayer.csproj", "{A623F35A-DCBC-4FCA-9030-11CFECD818B2}"
EndProject
Project("{9A19103F-16F7-4668-BE54-9A1E7A4F7556}") = "playwright.dotnet.framework.TestRunner.NUnit", "playwright_dotnet_framework.CoreLayer.TestRunner\playwright.dotnet.framework.TestRunner.NUnit.csproj", "{CA004974-AE29-47AF-8A7A-ADFCC0DD449C}"
EndProject
Project("{9A19103F-16F7-4668-BE54-9A1E7A4F7556}") = "playwright.dotnet.framework.TestRunner.MSTest", "..\playwright_dotnet_framework.MSTest\TestProject1\playwright.dotnet.framework.TestRunner.MSTest.csproj", "{36D2F92F-8547-4404-94A2-8EBAB72E4FE9}"
EndProject
Project("{FAE04EC0-301F-11D3-BF4B-00C04F79EFBC}") = "playwright.dotnet.framework.Specflow.BDD", "playwright.dotnet.framework.Specflow.BDD\playwright.dotnet.framework.Specflow.BDD.csproj", "{16390397-4521-49C2-9C23-B762160A2FC4}"
EndProject
Global
	GlobalSection(SolutionConfigurationPlatforms) = preSolution
		Debug|Any CPU = Debug|Any CPU
		Release|Any CPU = Release|Any CPU
	EndGlobalSection
	GlobalSection(ProjectConfigurationPlatforms) = postSolution
		{D717EB66-E0ED-4AE9-99C7-3F38A3DDE825}.Debug|Any CPU.ActiveCfg = Debug|Any CPU
		{D717EB66-E0ED-4AE9-99C7-3F38A3DDE825}.Debug|Any CPU.Build.0 = Debug|Any CPU
		{D717EB66-E0ED-4AE9-99C7-3F38A3DDE825}.Release|Any CPU.ActiveCfg = Release|Any CPU
		{D717EB66-E0ED-4AE9-99C7-3F38A3DDE825}.Release|Any CPU.Build.0 = Release|Any CPU
		{A623F35A-DCBC-4FCA-9030-11CFECD818B2}.Debug|Any CPU.ActiveCfg = Debug|Any CPU
		{A623F35A-DCBC-4FCA-9030-11CFECD818B2}.Debug|Any CPU.Build.0 = Debug|Any CPU
		{A623F35A-DCBC-4FCA-9030-11CFECD818B2}.Release|Any CPU.ActiveCfg = Release|Any CPU
		{A623F35A-DCBC-4FCA-9030-11CFECD818B2}.Release|Any CPU.Build.0 = Release|Any CPU
		{CA004974-AE29-47AF-8A7A-ADFCC0DD449C}.Debug|Any CPU.ActiveCfg = Debug|Any CPU
		{CA004974-AE29-47AF-8A7A-ADFCC0DD449C}.Debug|Any CPU.Build.0 = Debug|Any CPU
		{CA004974-AE29-47AF-8A7A-ADFCC0DD449C}.Release|Any CPU.ActiveCfg = Release|Any CPU
		{CA004974-AE29-47AF-8A7A-ADFCC0DD449C}.Release|Any CPU.Build.0 = Release|Any CPU
		{36D2F92F-8547-4404-94A2-8EBAB72E4FE9}.Debug|Any CPU.ActiveCfg = Debug|Any CPU
		{36D2F92F-8547-4404-94A2-8EBAB72E4FE9}.Debug|Any CPU.Build.0 = Debug|Any CPU
		{36D2F92F-8547-4404-94A2-8EBAB72E4FE9}.Release|Any CPU.ActiveCfg = Release|Any CPU
		{36D2F92F-8547-4404-94A2-8EBAB72E4FE9}.Release|Any CPU.Build.0 = Release|Any CPU
		{16390397-4521-49C2-9C23-B762160A2FC4}.Debug|Any CPU.ActiveCfg = Debug|Any CPU
		{16390397-4521-49C2-9C23-B762160A2FC4}.Debug|Any CPU.Build.0 = Debug|Any CPU
		{16390397-4521-49C2-9C23-B762160A2FC4}.Release|Any CPU.ActiveCfg = Release|Any CPU
		{16390397-4521-49C2-9C23-B762160A2FC4}.Release|Any CPU.Build.0 = Release|Any CPU
	EndGlobalSection
	GlobalSection(SolutionProperties) = preSolution
		HideSolutionNode = FALSE
	EndGlobalSection
	GlobalSection(ExtensibilityGlobals) = postSolution
		SolutionGuid = {0F13D584-F715-4719-9DF6-99F3E06A5398}
	EndGlobalSection
EndGlobal
